
Microsoft Visual Studio Solution File, Format Version 12.00
# Visual Studio Version 17
VisualStudioVersion = 17.9.34714.143
MinimumVisualStudioVersion = 10.0.40219.1
Project("{FAE04EC0-301F-11D3-BF4B-00C04F79EFBC}") = "Craig Joiner Software 2", "Craig Joiner Software 2\Craig Joiner Software 2.csproj", "{0C036FAC-19E5-44C8-BD47-B8228FE399A5}"
EndProject
Project("{FAE04EC0-301F-11D3-BF4B-00C04F79EFBC}") = "IsFormVaildTest_Customers", "IsFormVaildTest\IsFormVaildTest_Customers.csproj", "{FD5A927E-846A-477C-9316-1D1F71C7A38D}"
EndProject
Global
	GlobalSection(SolutionConfigurationPlatforms) = preSolution
		Debug|Any CPU = Debug|Any CPU
		Release|Any CPU = Release|Any CPU
	EndGlobalSection
	GlobalSection(ProjectConfigurationPlatforms) = postSolution
		{0C036FAC-19E5-44C8-BD47-B8228FE399A5}.Debug|Any CPU.ActiveCfg = Debug|Any CPU
		{0C036FAC-19E5-44C8-BD47-B8228FE399A5}.Debug|Any CPU.Build.0 = Debug|Any CPU
		{0C036FAC-19E5-44C8-BD47-B8228FE399A5}.Release|Any CPU.ActiveCfg = Release|Any CPU
		{0C036FAC-19E5-44C8-BD47-B8228FE399A5}.Release|Any CPU.Build.0 = Release|Any CPU
		{FD5A927E-846A-477C-9316-1D1F71C7A38D}.Debug|Any CPU.ActiveCfg = Debug|Any CPU
		{FD5A927E-846A-477C-9316-1D1F71C7A38D}.Debug|Any CPU.Build.0 = Debug|Any CPU
		{FD5A927E-846A-477C-9316-1D1F71C7A38D}.Release|Any CPU.ActiveCfg = Release|Any CPU
		{FD5A927E-846A-477C-9316-1D1F71C7A38D}.Release|Any CPU.Build.0 = Release|Any CPU
	EndGlobalSection
	GlobalSection(SolutionProperties) = preSolution
		HideSolutionNode = FALSE
	EndGlobalSection
	GlobalSection(ExtensibilityGlobals) = postSolution
		SolutionGuid = {CD79A0C0-89A3-432B-9B78-E9352AB27A8D}
	EndGlobalSection
EndGlobal
